github.com/brianvoe/gofakeit v3.18.0+incompatible h1:wDOmHc9DLG4nRjUVVaxA+CEglKOW72Y5+4WNxUIkjM8=
github.com/brianvoe/gofakeit/v6 v6.17.0 h1:obbQTJeHfktJtiZzq0Q1bEpsNUs+yHrYlPVWt7BtmJ4=
github.com/brianvoe/gofakeit/v6 v6.17.0/go.mod h1:Ow6qC71xtwm79anlwKRlWZW6zVq9D2XHE4QSSMP/rU8=
github.com/tjarratt/babble v0.0.0-20210505082055-cbca2a4833c1 h1:j8whCiEmvLCXI3scVn+YnklCU8mwJ9ZJ4/DGAKqQbRE=
github.com/tjarratt/babble v0.0.0-20210505082055-cbca2a4833c1/go.mod h1:O5hBrCGqzfb+8WyY8ico2AyQau7XQwAfEQeEQ5/5V9E=
